{
  "requires": true,
  "lockfileVersion": 1,
  "dependencies": {
    "date-and-time": {
      "version": "2.0.1",
      "resolved": "https://registry.npmjs.org/date-and-time/-/date-and-time-2.0.1.tgz",
      "integrity": "sha512-O7Xe5dLaqvY/aF/MFWArsAM1J4j7w1CSZlPCX9uHgmb+6SbkPd8Q4YOvfvH/cZGvFlJFfHOZKxQtmMUOoZhc/w=="
    },
    "redux-devtools-extension": {
      "version": "2.13.9",
      "resolved": "https://registry.npmjs.org/redux-devtools-extension/-/redux-devtools-extension-2.13.9.tgz",
      "integrity": "sha512-cNJ8Q/EtjhQaZ71c8I9+BPySIBVEKssbPpskBfsXqb8HJ002A3KRVHfeRzwRo6mGPqsm7XuHTqNSNeS1Khig0A=="
    }
  }
}
